// !$*UTF8*$!
{
	archiveVersion = 1;
	classes = {
	};
	objectVersion = 51;
	objects = {

/* Begin PBXBuildFile section */
		1CBA1C6739188C737DE08A3E /* Pods_SlashRSlashSwiftUITests.framework in Frameworks */ = {isa = PBXBuildFile; fileRef = 3755B8863DBF9723006DF77E /* Pods_SlashRSlashSwiftUITests.framework */; };
		71C198C28C778ABB213740AB /* Pods_SlashRSlashSwift.framework in Frameworks */ = {isa = PBXBuildFile; fileRef = 501DF0AA7F7C46F6EB2315E6 /* Pods_SlashRSlashSwift.framework */; };
		847F185622FCC5A5000F7F60 /* AppDelegate.swift in Sources */ = {isa = PBXBuildFile; fileRef = 847F185522FCC5A5000F7F60 /* AppDelegate.swift */; };
		847F185822FCC5A5000F7F60 /* ArticleListViewController.swift in Sources */ = {isa = PBXBuildFile; fileRef = 847F185722FCC5A5000F7F60 /* ArticleListViewController.swift */; };
		847F185B22FCC5A5000F7F60 /* Main.storyboard in Resources */ = {isa = PBXBuildFile; fileRef = 847F185922FCC5A5000F7F60 /* Main.storyboard */; };
		847F185D22FCC5A6000F7F60 /* Assets.xcassets in Resources */ = {isa = PBXBuildFile; fileRef = 847F185C22FCC5A6000F7F60 /* Assets.xcassets */; };
		847F186022FCC5A6000F7F60 /* LaunchScreen.storyboard in Resources */ = {isa = PBXBuildFile; fileRef = 847F185E22FCC5A6000F7F60 /* LaunchScreen.storyboard */; };
		847F186B22FCC5A6000F7F60 /* SlashRSlashSwiftTests.swift in Sources */ = {isa = PBXBuildFile; fileRef = 847F186A22FCC5A6000F7F60 /* SlashRSlashSwiftTests.swift */; };
		847F187622FCC5A6000F7F60 /* SlashRSlashSwiftUITests.swift in Sources */ = {isa = PBXBuildFile; fileRef = 847F187522FCC5A6000F7F60 /* SlashRSlashSwiftUITests.swift */; };
		847F188722FCC76B000F7F60 /* NetworkService.swift in Sources */ = {isa = PBXBuildFile; fileRef = 847F188622FCC76B000F7F60 /* NetworkService.swift */; };
		847F188922FCC77E000F7F60 /* Article.swift in Sources */ = {isa = PBXBuildFile; fileRef = 847F188822FCC77E000F7F60 /* Article.swift */; };
		84C7FCDF22FD100E002B651C /* ArticleTableViewCell.swift in Sources */ = {isa = PBXBuildFile; fileRef = 84C7FCDE22FD100D002B651C /* ArticleTableViewCell.swift */; };
		84FD681022FE481C00D08978 /* ArticleDetailViewController.swift in Sources */ = {isa = PBXBuildFile; fileRef = 84FD680F22FE481C00D08978 /* ArticleDetailViewController.swift */; };
		84FD681222FE5B6F00D08978 /* Helpers.swift in Sources */ = {isa = PBXBuildFile; fileRef = 84FD681122FE5B6F00D08978 /* Helpers.swift */; };
		8A899B731E0995A8FAA08982 /* Pods_SlashRSlashSwiftTests.framework in Frameworks */ = {isa = PBXBuildFile; fileRef = EAB5274E6B554C69EFE8E138 /* Pods_SlashRSlashSwiftTests.framework */; };
/* End PBXBuildFile section */

/* Begin PBXContainerItemProxy section */
		847F186722FCC5A6000F7F60 /* PBXContainerItemProxy */ = {
			isa = PBXContainerItemProxy;
			containerPortal = 847F184A22FCC5A5000F7F60 /* Project object */;
			proxyType = 1;
			remoteGlobalIDString = 847F185122FCC5A5000F7F60;
			remoteInfo = SlashRSlashSwift;
		};
		847F187222FCC5A6000F7F60 /* PBXContainerItemProxy */ = {
			isa = PBXContainerItemProxy;
			containerPortal = 847F184A22FCC5A5000F7F60 /* Project object */;
			proxyType = 1;
			remoteGlobalIDString = 847F185122FCC5A5000F7F60;
			remoteInfo = SlashRSlashSwift;
		};
/* End PBXContainerItemProxy section */

/* Begin PBXFileReference section */
		3755B8863DBF9723006DF77E /* Pods_SlashRSlashSwiftUITests.framework */ = {isa = PBXFileReference; explicitFileType = wrapper.framework; includeInIndex = 0; path = Pods_SlashRSlashSwiftUITests.framework; sourceTree = BUILT_PRODUCTS_DIR; };
		41439751940C879686689058 /* Pods-SlashRSlashSwiftTests.debug.xcconfig */ = {isa = PBXFileReference; includeInIndex = 1; lastKnownFileType = text.xcconfig; name = "Pods-SlashRSlashSwiftTests.debug.xcconfig"; path = "Target Support Files/Pods-SlashRSlashSwiftTests/Pods-SlashRSlashSwiftTests.debug.xcconfig"; sourceTree = "<group>"; };
		501DF0AA7F7C46F6EB2315E6 /* Pods_SlashRSlashSwift.framework */ = {isa = PBXFileReference; explicitFileType = wrapper.framework; includeInIndex = 0; path = Pods_SlashRSlashSwift.framework; sourceTree = BUILT_PRODUCTS_DIR; };
		53177804B26FA83C4D10CE10 /* Pods-SlashRSlashSwift.release.xcconfig */ = {isa = PBXFileReference; includeInIndex = 1; lastKnownFileType = text.xcconfig; name = "Pods-SlashRSlashSwift.release.xcconfig"; path = "Target Support Files/Pods-SlashRSlashSwift/Pods-SlashRSlashSwift.release.xcconfig"; sourceTree = "<group>"; };
		6D343B70CE72C9778AB7D1E0 /* Pods-SlashRSlashSwiftUITests.release.xcconfig */ = {isa = PBXFileReference; includeInIndex = 1; lastKnownFileType = text.xcconfig; name = "Pods-SlashRSlashSwiftUITests.release.xcconfig"; path = "Target Support Files/Pods-SlashRSlashSwiftUITests/Pods-SlashRSlashSwiftUITests.release.xcconfig"; sourceTree = "<group>"; };
		847F185222FCC5A5000F7F60 /* SlashRSlashSwift.app */ = {isa = PBXFileReference; explicitFileType = wrapper.application; includeInIndex = 0; path = SlashRSlashSwift.app; sourceTree = BUILT_PRODUCTS_DIR; };
		847F185522FCC5A5000F7F60 /* AppDelegate.swift */ = {isa = PBXFileReference; lastKnownFileType = sourcecode.swift; path = AppDelegate.swift; sourceTree = "<group>"; };
		847F185722FCC5A5000F7F60 /* ArticleListViewController.swift */ = {isa = PBXFileReference; lastKnownFileType = sourcecode.swift; path = ArticleListViewController.swift; sourceTree = "<group>"; };
		847F185A22FCC5A5000F7F60 /* Base */ = {isa = PBXFileReference; lastKnownFileType = file.storyboard; name = Base; path = Base.lproj/Main.storyboard; sourceTree = "<group>"; };
		847F185C22FCC5A6000F7F60 /* Assets.xcassets */ = {isa = PBXFileReference; lastKnownFileType = folder.assetcatalog; path = Assets.xcassets; sourceTree = "<group>"; };
		847F185F22FCC5A6000F7F60 /* Base */ = {isa = PBXFileReference; lastKnownFileType = file.storyboard; name = Base; path = Base.lproj/LaunchScreen.storyboard; sourceTree = "<group>"; };
		847F186122FCC5A6000F7F60 /* Info.plist */ = {isa = PBXFileReference; lastKnownFileType = text.plist.xml; path = Info.plist; sourceTree = "<group>"; };
		847F186622FCC5A6000F7F60 /* SlashRSlashSwiftTests.xctest */ = {isa = PBXFileReference; explicitFileType = wrapper.cfbundle; includeInIndex = 0; path = SlashRSlashSwiftTests.xctest; sourceTree = BUILT_PRODUCTS_DIR; };
		847F186A22FCC5A6000F7F60 /* SlashRSlashSwiftTests.swift */ = {isa = PBXFileReference; lastKnownFileType = sourcecode.swift; path = SlashRSlashSwiftTests.swift; sourceTree = "<group>"; };
		847F186C22FCC5A6000F7F60 /* Info.plist */ = {isa = PBXFileReference; lastKnownFileType = text.plist.xml; path = Info.plist; sourceTree = "<group>"; };
		847F187122FCC5A6000F7F60 /* SlashRSlashSwiftUITests.xctest */ = {isa = PBXFileReference; explicitFileType = wrapper.cfbundle; includeInIndex = 0; path = SlashRSlashSwiftUITests.xctest; sourceTree = BUILT_PRODUCTS_DIR; };
		847F187522FCC5A6000F7F60 /* SlashRSlashSwiftUITests.swift */ = {isa = PBXFileReference; lastKnownFileType = sourcecode.swift; path = SlashRSlashSwiftUITests.swift; sourceTree = "<group>"; };
		847F187722FCC5A6000F7F60 /* Info.plist */ = {isa = PBXFileReference; lastKnownFileType = text.plist.xml; path = Info.plist; sourceTree = "<group>"; };
		847F188622FCC76B000F7F60 /* NetworkService.swift */ = {isa = PBXFileReference; lastKnownFileType = sourcecode.swift; path = NetworkService.swift; sourceTree = "<group>"; };
		847F188822FCC77E000F7F60 /* Article.swift */ = {isa = PBXFileReference; lastKnownFileType = sourcecode.swift; path = Article.swift; sourceTree = "<group>"; };
		84C7FCDE22FD100D002B651C /* ArticleTableViewCell.swift */ = {isa = PBXFileReference; lastKnownFileType = sourcecode.swift; path = ArticleTableViewCell.swift; sourceTree = "<group>"; };
		84FD680F22FE481C00D08978 /* ArticleDetailViewController.swift */ = {isa = PBXFileReference; lastKnownFileType = sourcecode.swift; path = ArticleDetailViewController.swift; sourceTree = "<group>"; };
		84FD681122FE5B6F00D08978 /* Helpers.swift */ = {isa = PBXFileReference; lastKnownFileType = sourcecode.swift; path = Helpers.swift; sourceTree = "<group>"; };
		97B5B92DB5624F6597045F59 /* Pods-SlashRSlashSwift.debug.xcconfig */ = {isa = PBXFileReference; includeInIndex = 1; lastKnownFileType = text.xcconfig; name = "Pods-SlashRSlashSwift.debug.xcconfig"; path = "Target Support Files/Pods-SlashRSlashSwift/Pods-SlashRSlashSwift.debug.xcconfig"; sourceTree = "<group>"; };
		D31308E85B6647E01A9A5B39 /* Pods-SlashRSlashSwiftTests.release.xcconfig */ = {isa = PBXFileReference; includeInIndex = 1; lastKnownFileType = text.xcconfig; name = "Pods-SlashRSlashSwiftTests.release.xcconfig"; path = "Target Support Files/Pods-SlashRSlashSwiftTests/Pods-SlashRSlashSwiftTests.release.xcconfig"; sourceTree = "<group>"; };
		EAB5274E6B554C69EFE8E138 /* Pods_SlashRSlashSwiftTests.framework */ = {isa = PBXFileReference; explicitFileType = wrapper.framework; includeInIndex = 0; path = Pods_SlashRSlashSwiftTests.framework; sourceTree = BUILT_PRODUCTS_DIR; };
		EDFA83392CBE2E2860FA2379 /* Pods-SlashRSlashSwiftUITests.debug.xcconfig */ = {isa = PBXFileReference; includeInIndex = 1; lastKnownFileType = text.xcconfig; name = "Pods-SlashRSlashSwiftUITests.debug.xcconfig"; path = "Target Support Files/Pods-SlashRSlashSwiftUITests/Pods-SlashRSlashSwiftUITests.debug.xcconfig"; sourceTree = "<group>"; };
/* End PBXFileReference section */

/* Begin PBXFrameworksBuildPhase section */
		847F184F22FCC5A5000F7F60 /* Frameworks */ = {
			isa = PBXFrameworksBuildPhase;
			buildActionMask = 2147483647;
			files = (
				71C198C28C778ABB213740AB /* Pods_SlashRSlashSwift.framework in Frameworks */,
			);
			runOnlyForDeploymentPostprocessing = 0;
		};
		847F186322FCC5A6000F7F60 /* Frameworks */ = {
			isa = PBXFrameworksBuildPhase;
			buildActionMask = 2147483647;
			files = (
				8A899B731E0995A8FAA08982 /* Pods_SlashRSlashSwiftTests.framework in Frameworks */,
			);
			runOnlyForDeploymentPostprocessing = 0;
		};
		847F186E22FCC5A6000F7F60 /* Frameworks */ = {
			isa = PBXFrameworksBuildPhase;
			buildActionMask = 2147483647;
			files = (
				1CBA1C6739188C737DE08A3E /* Pods_SlashRSlashSwiftUITests.framework in Frameworks */,
			);
			runOnlyForDeploymentPostprocessing = 0;
		};
/* End PBXFrameworksBuildPhase section */

/* Begin PBXGroup section */
		056B6E57FDA72005A0E6D98E /* Pods */ = {
			isa = PBXGroup;
			children = (
				97B5B92DB5624F6597045F59 /* Pods-SlashRSlashSwift.debug.xcconfig */,
				53177804B26FA83C4D10CE10 /* Pods-SlashRSlashSwift.release.xcconfig */,
				41439751940C879686689058 /* Pods-SlashRSlashSwiftTests.debug.xcconfig */,
				D31308E85B6647E01A9A5B39 /* Pods-SlashRSlashSwiftTests.release.xcconfig */,
				EDFA83392CBE2E2860FA2379 /* Pods-SlashRSlashSwiftUITests.debug.xcconfig */,
				6D343B70CE72C9778AB7D1E0 /* Pods-SlashRSlashSwiftUITests.release.xcconfig */,
			);
			path = Pods;
			sourceTree = "<group>";
		};
		425C9F14836D714DA057625B /* Frameworks */ = {
			isa = PBXGroup;
			children = (
				501DF0AA7F7C46F6EB2315E6 /* Pods_SlashRSlashSwift.framework */,
				EAB5274E6B554C69EFE8E138 /* Pods_SlashRSlashSwiftTests.framework */,
				3755B8863DBF9723006DF77E /* Pods_SlashRSlashSwiftUITests.framework */,
			);
			name = Frameworks;
			sourceTree = "<group>";
		};
		845D262B22FD0947006EDEC0 /* Networking */ = {
			isa = PBXGroup;
			children = (
				847F188622FCC76B000F7F60 /* NetworkService.swift */,
			);
			path = Networking;
			sourceTree = "<group>";
		};
		845D262C22FD095B006EDEC0 /* Models */ = {
			isa = PBXGroup;
			children = (
				847F188822FCC77E000F7F60 /* Article.swift */,
			);
			path = Models;
			sourceTree = "<group>";
		};
		845D262D22FD0970006EDEC0 /* ViewControllers */ = {
			isa = PBXGroup;
			children = (
				847F185922FCC5A5000F7F60 /* Main.storyboard */,
				847F185722FCC5A5000F7F60 /* ArticleListViewController.swift */,
				84FD680F22FE481C00D08978 /* ArticleDetailViewController.swift */,
				84C7FCDE22FD100D002B651C /* ArticleTableViewCell.swift */,
			);
			path = ViewControllers;
			sourceTree = "<group>";
		};
		847F184922FCC5A5000F7F60 = {
			isa = PBXGroup;
			children = (
				847F185422FCC5A5000F7F60 /* SlashRSlashSwift */,
				847F186922FCC5A6000F7F60 /* SlashRSlashSwiftTests */,
				847F187422FCC5A6000F7F60 /* SlashRSlashSwiftUITests */,
				847F185322FCC5A5000F7F60 /* Products */,
				056B6E57FDA72005A0E6D98E /* Pods */,
				425C9F14836D714DA057625B /* Frameworks */,
			);
			sourceTree = "<group>";
		};
		847F185322FCC5A5000F7F60 /* Products */ = {
			isa = PBXGroup;
			children = (
				847F185222FCC5A5000F7F60 /* SlashRSlashSwift.app */,
				847F186622FCC5A6000F7F60 /* SlashRSlashSwiftTests.xctest */,
				847F187122FCC5A6000F7F60 /* SlashRSlashSwiftUITests.xctest */,
			);
			name = Products;
			sourceTree = "<group>";
		};
		847F185422FCC5A5000F7F60 /* SlashRSlashSwift */ = {
			isa = PBXGroup;
			children = (
				847F185522FCC5A5000F7F60 /* AppDelegate.swift */,
				845D262D22FD0970006EDEC0 /* ViewControllers */,
				845D262C22FD095B006EDEC0 /* Models */,
				845D262B22FD0947006EDEC0 /* Networking */,
				84FD681122FE5B6F00D08978 /* Helpers.swift */,
				847F185C22FCC5A6000F7F60 /* Assets.xcassets */,
				847F185E22FCC5A6000F7F60 /* LaunchScreen.storyboard */,
				847F186122FCC5A6000F7F60 /* Info.plist */,
			);
			path = SlashRSlashSwift;
			sourceTree = "<group>";
		};
		847F186922FCC5A6000F7F60 /* SlashRSlashSwiftTests */ = {
			isa = PBXGroup;
			children = (
				847F186A22FCC5A6000F7F60 /* SlashRSlashSwiftTests.swift */,
				847F186C22FCC5A6000F7F60 /* Info.plist */,
			);
			path = SlashRSlashSwiftTests;
			sourceTree = "<group>";
		};
		847F187422FCC5A6000F7F60 /* SlashRSlashSwiftUITests */ = {
			isa = PBXGroup;
			children = (
				847F187522FCC5A6000F7F60 /* SlashRSlashSwiftUITests.swift */,
				847F187722FCC5A6000F7F60 /* Info.plist */,
			);
			path = SlashRSlashSwiftUITests;
			sourceTree = "<group>";
		};
/* End PBXGroup section */

/* Begin PBXNativeTarget section */
		847F185122FCC5A5000F7F60 /* SlashRSlashSwift */ = {
			isa = PBXNativeTarget;
			buildConfigurationList = 847F187A22FCC5A6000F7F60 /* Build configuration list for PBXNativeTarget "SlashRSlashSwift" */;
			buildPhases = (
				C490AC99A5F8826872133C95 /* [CP] Check Pods Manifest.lock */,
				847F184E22FCC5A5000F7F60 /* Sources */,
				847F184F22FCC5A5000F7F60 /* Frameworks */,
				847F185022FCC5A5000F7F60 /* Resources */,
				B0497F0E38F8F2C50AA5B292 /* [CP] Embed Pods Frameworks */,
			);
			buildRules = (
			);
			dependencies = (
			);
			name = SlashRSlashSwift;
			productName = SlashRSlashSwift;
			productReference = 847F185222FCC5A5000F7F60 /* SlashRSlashSwift.app */;
			productType = "com.apple.product-type.application";
		};
		847F186522FCC5A6000F7F60 /* SlashRSlashSwiftTests */ = {
			isa = PBXNativeTarget;
			buildConfigurationList = 847F187D22FCC5A6000F7F60 /* Build configuration list for PBXNativeTarget "SlashRSlashSwiftTests" */;
			buildPhases = (
				07BC22E7F478F45C1BF14258 /* [CP] Check Pods Manifest.lock */,
				847F186222FCC5A6000F7F60 /* Sources */,
				847F186322FCC5A6000F7F60 /* Frameworks */,
				847F186422FCC5A6000F7F60 /* Resources */,
			);
			buildRules = (
			);
			dependencies = (
				847F186822FCC5A6000F7F60 /* PBXTargetDependency */,
			);
			name = SlashRSlashSwiftTests;
			productName = SlashRSlashSwiftTests;
			productReference = 847F186622FCC5A6000F7F60 /* SlashRSlashSwiftTests.xctest */;
			productType = "com.apple.product-type.bundle.unit-test";
		};
		847F187022FCC5A6000F7F60 /* SlashRSlashSwiftUITests */ = {
			isa = PBXNativeTarget;
			buildConfigurationList = 847F188022FCC5A6000F7F60 /* Build configuration list for PBXNativeTarget "SlashRSlashSwiftUITests" */;
			buildPhases = (
				4E2083DF8074A3AC5845853B /* [CP] Check Pods Manifest.lock */,
				847F186D22FCC5A6000F7F60 /* Sources */,
				847F186E22FCC5A6000F7F60 /* Frameworks */,
				847F186F22FCC5A6000F7F60 /* Resources */,
			);
			buildRules = (
			);
			dependencies = (
				847F187322FCC5A6000F7F60 /* PBXTargetDependency */,
			);
			name = SlashRSlashSwiftUITests;
			productName = SlashRSlashSwiftUITests;
			productReference = 847F187122FCC5A6000F7F60 /* SlashRSlashSwiftUITests.xctest */;
			productType = "com.apple.product-type.bundle.ui-testing";
		};
/* End PBXNativeTarget section */

/* Begin PBXProject section */
		847F184A22FCC5A5000F7F60 /* Project object */ = {
			isa = PBXProject;
			attributes = {
				LastSwiftUpdateCheck = 1030;
				LastUpgradeCheck = 1030;
				ORGANIZATIONNAME = "Spencer Alderson";
				TargetAttributes = {
					847F185122FCC5A5000F7F60 = {
						CreatedOnToolsVersion = 10.3;
					};
					847F186522FCC5A6000F7F60 = {
						CreatedOnToolsVersion = 10.3;
						TestTargetID = 847F185122FCC5A5000F7F60;
					};
					847F187022FCC5A6000F7F60 = {
						CreatedOnToolsVersion = 10.3;
						TestTargetID = 847F185122FCC5A5000F7F60;
					};
				};
			};
			buildConfigurationList = 847F184D22FCC5A5000F7F60 /* Build configuration list for PBXProject "SlashRSlashSwift" */;
			compatibilityVersion = "Xcode 9.3";
			developmentRegion = en;
			hasScannedForEncodings = 0;
			knownRegions = (
				en,
				Base,
			);
			mainGroup = 847F184922FCC5A5000F7F60;
			productRefGroup = 847F185322FCC5A5000F7F60 /* Products */;
			projectDirPath = "";
			projectRoot = "";
			targets = (
				847F185122FCC5A5000F7F60 /* SlashRSlashSwift */,
				847F186522FCC5A6000F7F60 /* SlashRSlashSwiftTests */,
				847F187022FCC5A6000F7F60 /* SlashRSlashSwiftUITests */,
			);
		};
/* End PBXProject section */

/* Begin PBXResourcesBuildPhase section */
		847F185022FCC5A5000F7F60 /* Resources */ = {
			isa = PBXResourcesBuildPhase;
			buildActionMask = 2147483647;
			files = (
				847F186022FCC5A6000F7F60 /* LaunchScreen.storyboard in Resources */,
				847F185D22FCC5A6000F7F60 /* Assets.xcassets in Resources */,
				847F185B22FCC5A5000F7F60 /* Main.storyboard in Resources */,
			);
			runOnlyForDeploymentPostprocessing = 0;
		};
		847F186422FCC5A6000F7F60 /* Resources */ = {
			isa = PBXResourcesBuildPhase;
			buildActionMask = 2147483647;
			files = (
			);
			runOnlyForDeploymentPostprocessing = 0;
		};
		847F186F22FCC5A6000F7F60 /* Resources */ = {
			isa = PBXResourcesBuildPhase;
			buildActionMask = 2147483647;
			files = (
			);
			runOnlyForDeploymentPostprocessing = 0;
		};
/* End PBXResourcesBuildPhase section */

/* Begin PBXShellScriptBuildPhase section */
		07BC22E7F478F45C1BF14258 /* [CP] Check Pods Manifest.lock */ = {
			isa = PBXShellScriptBuildPhase;
			buildActionMask = 2147483647;
			files = (
			);
			inputFileListPaths = (
			);
			inputPaths = (
				"${PODS_PODFILE_DIR_PATH}/Podfile.lock",
				"${PODS_ROOT}/Manifest.lock",
			);
			name = "[CP] Check Pods Manifest.lock";
			outputFileListPaths = (
			);
			outputPaths = (
				"$(DERIVED_FILE_DIR)/Pods-SlashRSlashSwiftTests-checkManifestLockResult.txt",
			);
			runOnlyForDeploymentPostprocessing = 0;
			shellPath = /bin/sh;
			shellScript = "diff \"${PODS_PODFILE_DIR_PATH}/Podfile.lock\" \"${PODS_ROOT}/Manifest.lock\" > /dev/null\nif [ $? != 0 ] ; then\n    # print error to STDERR\n    echo \"error: The sandbox is not in sync with the Podfile.lock. Run 'pod install' or update your CocoaPods installation.\" >&2\n    exit 1\nfi\n# This output is used by Xcode 'outputs' to avoid re-running this script phase.\necho \"SUCCESS\" > \"${SCRIPT_OUTPUT_FILE_0}\"\n";
			showEnvVarsInLog = 0;
		};
		4E2083DF8074A3AC5845853B /* [CP] Check Pods Manifest.lock */ = {
			isa = PBXShellScriptBuildPhase;
			buildActionMask = 2147483647;
			files = (
			);
			inputFileListPaths = (
			);
			inputPaths = (
				"${PODS_PODFILE_DIR_PATH}/Podfile.lock",
				"${PODS_ROOT}/Manifest.lock",
			);
			name = "[CP] Check Pods Manifest.lock";
			outputFileListPaths = (
			);
			outputPaths = (
				"$(DERIVED_FILE_DIR)/Pods-SlashRSlashSwiftUITests-checkManifestLockResult.txt",
			);
			runOnlyForDeploymentPostprocessing = 0;
			shellPath = /bin/sh;
			shellScript = "diff \"${PODS_PODFILE_DIR_PATH}/Podfile.lock\" \"${PODS_ROOT}/Manifest.lock\" > /dev/null\nif [ $? != 0 ] ; then\n    # print error to STDERR\n    echo \"error: The sandbox is not in sync with the Podfile.lock. Run 'pod install' or update your CocoaPods installation.\" >&2\n    exit 1\nfi\n# This output is used by Xcode 'outputs' to avoid re-running this script phase.\necho \"SUCCESS\" > \"${SCRIPT_OUTPUT_FILE_0}\"\n";
			showEnvVarsInLog = 0;
		};
		B0497F0E38F8F2C50AA5B292 /* [CP] Embed Pods Frameworks */ = {
			isa = PBXShellScriptBuildPhase;
			buildActionMask = 2147483647;
			files = (
			);
			inputFileListPaths = (
				"${PODS_ROOT}/Target Support Files/Pods-SlashRSlashSwift/Pods-SlashRSlashSwift-frameworks-${CONFIGURATION}-input-files.xcfilelist",
			);
			name = "[CP] Embed Pods Frameworks";
			outputFileListPaths = (
				"${PODS_ROOT}/Target Support Files/Pods-SlashRSlashSwift/Pods-SlashRSlashSwift-frameworks-${CONFIGURATION}-output-files.xcfilelist",
			);
			runOnlyForDeploymentPostprocessing = 0;
			shellPath = /bin/sh;
			shellScript = "\"${PODS_ROOT}/Target Support Files/Pods-SlashRSlashSwift/Pods-SlashRSlashSwift-frameworks.sh\"\n";
			showEnvVarsInLog = 0;
		};
		C490AC99A5F8826872133C95 /* [CP] Check Pods Manifest.lock */ = {
			isa = PBXShellScriptBuildPhase;
			buildActionMask = 2147483647;
			files = (
			);
			inputFileListPaths = (
			);
			inputPaths = (
				"${PODS_PODFILE_DIR_PATH}/Podfile.lock",
				"${PODS_ROOT}/Manifest.lock",
			);
			name = "[CP] Check Pods Manifest.lock";
			outputFileListPaths = (
			);
			outputPaths = (
				"$(DERIVED_FILE_DIR)/Pods-SlashRSlashSwift-checkManifestLockResult.txt",
			);
			runOnlyForDeploymentPostprocessing = 0;
			shellPath = /bin/sh;
			shellScript = "diff \"${PODS_PODFILE_DIR_PATH}/Podfile.lock\" \"${PODS_ROOT}/Manifest.lock\" > /dev/null\nif [ $? != 0 ] ; then\n    # print error to STDERR\n    echo \"error: The sandbox is not in sync with the Podfile.lock. Run 'pod install' or update your CocoaPods installation.\" >&2\n    exit 1\nfi\n# This output is used by Xcode 'outputs' to avoid re-running this script phase.\necho \"SUCCESS\" > \"${SCRIPT_OUTPUT_FILE_0}\"\n";
			showEnvVarsInLog = 0;
		};
/* End PBXShellScriptBuildPhase section */

/* Begin PBXSourcesBuildPhase section */
		847F184E22FCC5A5000F7F60 /* Sources */ = {
			isa = PBXSourcesBuildPhase;
			buildActionMask = 2147483647;
			files = (
				84C7FCDF22FD100E002B651C /* ArticleTableViewCell.swift in Sources */,
				84FD681222FE5B6F00D08978 /* Helpers.swift in Sources */,
				847F188922FCC77E000F7F60 /* Article.swift in Sources */,
				84FD681022FE481C00D08978 /* ArticleDetailViewController.swift in Sources */,
				847F185822FCC5A5000F7F60 /* ArticleListViewController.swift in Sources */,
				847F188722FCC76B000F7F60 /* NetworkService.swift in Sources */,
				847F185622FCC5A5000F7F60 /* AppDelegate.swift in Sources */,
			);
			runOnlyForDeploymentPostprocessing = 0;
		};
		847F186222FCC5A6000F7F60 /* Sources */ = {
			isa = PBXSourcesBuildPhase;
			buildActionMask = 2147483647;
			files = (
				847F186B22FCC5A6000F7F60 /* SlashRSlashSwiftTests.swift in Sources */,
			);
			runOnlyForDeploymentPostprocessing = 0;
		};
		847F186D22FCC5A6000F7F60 /* Sources */ = {
			isa = PBXSourcesBuildPhase;
			buildActionMask = 2147483647;
			files = (
				847F187622FCC5A6000F7F60 /* SlashRSlashSwiftUITests.swift in Sources */,
			);
			runOnlyForDeploymentPostprocessing = 0;
		};
/* End PBXSourcesBuildPhase section */

/* Begin PBXTargetDependency section */
		847F186822FCC5A6000F7F60 /* PBXTargetDependency */ = {
			isa = PBXTargetDependency;
			target = 847F185122FCC5A5000F7F60 /* SlashRSlashSwift */;
			targetProxy = 847F186722FCC5A6000F7F60 /* PBXContainerItemProxy */;
		};
		847F187322FCC5A6000F7F60 /* PBXTargetDependency */ = {
			isa = PBXTargetDependency;
			target = 847F185122FCC5A5000F7F60 /* SlashRSlashSwift */;
			targetProxy = 847F187222FCC5A6000F7F60 /* PBXContainerItemProxy */;
		};
/* End PBXTargetDependency section */

/* Begin PBXVariantGroup section */
		847F185922FCC5A5000F7F60 /* Main.storyboard */ = {
			isa = PBXVariantGroup;
			children = (
				847F185A22FCC5A5000F7F60 /* Base */,
			);
			name = Main.storyboard;
			sourceTree = "<group>";
		};
		847F185E22FCC5A6000F7F60 /* LaunchScreen.storyboard */ = {
			isa = PBXVariantGroup;
			children = (
				847F185F22FCC5A6000F7F60 /* Base */,
			);
			name = LaunchScreen.storyboard;
			sourceTree = "<group>";
		};
/* End PBXVariantGroup section */

/* Begin XCBuildConfiguration section */
		847F187822FCC5A6000F7F60 /* Debug */ = {
			isa = XCBuildConfiguration;
			buildSettings = {
				ALWAYS_SEARCH_USER_PATHS = NO;
				CLANG_ANALYZER_NONNULL = YES;
				CLANG_ANALYZER_NUMBER_OBJECT_CONVERSION = YES_AGGRESSIVE;
				CLANG_CXX_LANGUAGE_STANDARD = "gnu++14";
				CLANG_CXX_LIBRARY = "libc++";
				CLANG_ENABLE_MODULES = YES;
				CLANG_ENABLE_OBJC_ARC = YES;
				CLANG_ENABLE_OBJC_WEAK = YES;
				CLANG_WARN_BLOCK_CAPTURE_AUTORELEASING = YES;
				CLANG_WARN_BOOL_CONVERSION = YES;
				CLANG_WARN_COMMA = YES;
				CLANG_WARN_CONSTANT_CONVERSION = YES;
				CLANG_WARN_DEPRECATED_OBJC_IMPLEMENTATIONS = YES;
				CLANG_WARN_DIRECT_OBJC_ISA_USAGE = YES_ERROR;
				CLANG_WARN_DOCUMENTATION_COMMENTS = YES;
				CLANG_WARN_EMPTY_BODY = YES;
				CLANG_WARN_ENUM_CONVERSION = YES;
				CLANG_WARN_INFINITE_RECURSION = YES;
				CLANG_WARN_INT_CONVERSION = YES;
				CLANG_WARN_NON_LITERAL_NULL_CONVERSION = YES;
				CLANG_WARN_OBJC_IMPLICIT_RETAIN_SELF = YES;
				CLANG_WARN_OBJC_LITERAL_CONVERSION = YES;
				CLANG_WARN_OBJC_ROOT_CLASS = YES_ERROR;
				CLANG_WARN_RANGE_LOOP_ANALYSIS = YES;
				CLANG_WARN_STRICT_PROTOTYPES = YES;
				CLANG_WARN_SUSPICIOUS_MOVE = YES;
				CLANG_WARN_UNGUARDED_AVAILABILITY = YES_AGGRESSIVE;
				CLANG_WARN_UNREACHABLE_CODE = YES;
				CLANG_WARN__DUPLICATE_METHOD_MATCH = YES;
				CODE_SIGN_IDENTITY = "iPhone Developer";
				COPY_PHASE_STRIP = NO;
				DEBUG_INFORMATION_FORMAT = dwarf;
				ENABLE_STRICT_OBJC_MSGSEND = YES;
				ENABLE_TESTABILITY = YES;
				GCC_C_LANGUAGE_STANDARD = gnu11;
				GCC_DYNAMIC_NO_PIC = NO;
				GCC_NO_COMMON_BLOCKS = YES;
				GCC_OPTIMIZATION_LEVEL = 0;
				GCC_PREPROCESSOR_DEFINITIONS = (
					"DEBUG=1",
					"$(inherited)",
				);
				GCC_WARN_64_TO_32_BIT_CONVERSION = YES;
				GCC_WARN_ABOUT_RETURN_TYPE = YES_ERROR;
				GCC_WARN_UNDECLARED_SELECTOR = YES;
				GCC_WARN_UNINITIALIZED_AUTOS = YES_AGGRESSIVE;
				GCC_WARN_UNUSED_FUNCTION = YES;
				GCC_WARN_UNUSED_VARIABLE = YES;
				IPHONEOS_DEPLOYMENT_TARGET = 12.4;
				MTL_ENABLE_DEBUG_INFO = INCLUDE_SOURCE;
				MTL_FAST_MATH = YES;
				ONLY_ACTIVE_ARCH = YES;
				SDKROOT = iphoneos;
				SWIFT_ACTIVE_COMPILATION_CONDITIONS = DEBUG;
				SWIFT_OPTIMIZATION_LEVEL = "-Onone";
			};
			name = Debug;
		};
		847F187922FCC5A6000F7F60 /* Release */ = {
			isa = XCBuildConfiguration;
			buildSettings = {
				ALWAYS_SEARCH_USER_PATHS = NO;
				CLANG_ANALYZER_NONNULL = YES;
				CLANG_ANALYZER_NUMBER_OBJECT_CONVERSION = YES_AGGRESSIVE;
				CLANG_CXX_LANGUAGE_STANDARD = "gnu++14";
				CLANG_CXX_LIBRARY = "libc++";
				CLANG_ENABLE_MODULES = YES;
				CLANG_ENABLE_OBJC_ARC = YES;
				CLANG_ENABLE_OBJC_WEAK = YES;
				CLANG_WARN_BLOCK_CAPTURE_AUTORELEASING = YES;
				CLANG_WARN_BOOL_CONVERSION = YES;
				CLANG_WARN_COMMA = YES;
				CLANG_WARN_CONSTANT_CONVERSION = YES;
				CLANG_WARN_DEPRECATED_OBJC_IMPLEMENTATIONS = YES;
				CLANG_WARN_DIRECT_OBJC_ISA_USAGE = YES_ERROR;
				CLANG_WARN_DOCUMENTATION_COMMENTS = YES;
				CLANG_WARN_EMPTY_BODY = YES;
				CLANG_WARN_ENUM_CONVERSION = YES;
				CLANG_WARN_INFINITE_RECURSION = YES;
				CLANG_WARN_INT_CONVERSION = YES;
				CLANG_WARN_NON_LITERAL_NULL_CONVERSION = YES;
				CLANG_WARN_OBJC_IMPLICIT_RETAIN_SELF = YES;
				CLANG_WARN_OBJC_LITERAL_CONVERSION = YES;
				CLANG_WARN_OBJC_ROOT_CLASS = YES_ERROR;
				CLANG_WARN_RANGE_LOOP_ANALYSIS = YES;
				CLANG_WARN_STRICT_PROTOTYPES = YES;
				CLANG_WARN_SUSPICIOUS_MOVE = YES;
				CLANG_WARN_UNGUARDED_AVAILABILITY = YES_AGGRESSIVE;
				CLANG_WARN_UNREACHABLE_CODE = YES;
				CLANG_WARN__DUPLICATE_METHOD_MATCH = YES;
				CODE_SIGN_IDENTITY = "iPhone Developer";
				COPY_PHASE_STRIP = NO;
				DEBUG_INFORMATION_FORMAT = "dwarf-with-dsym";
				ENABLE_NS_ASSERTIONS = NO;
				ENABLE_STRICT_OBJC_MSGSEND = YES;
				GCC_C_LANGUAGE_STANDARD = gnu11;
				GCC_NO_COMMON_BLOCKS = YES;
				GCC_WARN_64_TO_32_BIT_CONVERSION = YES;
				GCC_WARN_ABOUT_RETURN_TYPE = YES_ERROR;
				GCC_WARN_UNDECLARED_SELECTOR = YES;
				GCC_WARN_UNINITIALIZED_AUTOS = YES_AGGRESSIVE;
				GCC_WARN_UNUSED_FUNCTION = YES;
				GCC_WARN_UNUSED_VARIABLE = YES;
				IPHONEOS_DEPLOYMENT_TARGET = 12.4;
				MTL_ENABLE_DEBUG_INFO = NO;
				MTL_FAST_MATH = YES;
				SDKROOT = iphoneos;
				SWIFT_COMPILATION_MODE = wholemodule;
				SWIFT_OPTIMIZATION_LEVEL = "-O";
				VALIDATE_PRODUCT = YES;
			};
			name = Release;
		};
		847F187B22FCC5A6000F7F60 /* Debug */ = {
			isa = XCBuildConfiguration;
			baseConfigurationReference = 97B5B92DB5624F6597045F59 /* Pods-SlashRSlashSwift.debug.xcconfig */;
			buildSettings = {
				ASSETCATALOG_COMPILER_APPICON_NAME = AppIcon;
				CODE_SIGN_STYLE = Automatic;
				DEVELOPMENT_TEAM = M9V7H28M39;
				INFOPLIST_FILE = SlashRSlashSwift/Info.plist;
				LD_RUNPATH_SEARCH_PATHS = (
					"$(inherited)",
					"@executable_path/Frameworks",
				);
				PRODUCT_BUNDLE_IDENTIFIER = com.spenceralderson.SlashRSlashSwift;
				PRODUCT_NAME = "$(TARGET_NAME)";
				SWIFT_VERSION = 5.0;
				TARGETED_DEVICE_FAMILY = "1,2";
			};
			name = Debug;
		};
		847F187C22FCC5A6000F7F60 /* Release */ = {
			isa = XCBuildConfiguration;
			baseConfigurationReference = 53177804B26FA83C4D10CE10 /* Pods-SlashRSlashSwift.release.xcconfig */;
			buildSettings = {
				ASSETCATALOG_COMPILER_APPICON_NAME = AppIcon;
				CODE_SIGN_STYLE = Automatic;
				DEVELOPMENT_TEAM = M9V7H28M39;
				INFOPLIST_FILE = SlashRSlashSwift/Info.plist;
				LD_RUNPATH_SEARCH_PATHS = (
					"$(inherited)",
					"@executable_path/Frameworks",
				);
				PRODUCT_BUNDLE_IDENTIFIER = com.spenceralderson.SlashRSlashSwift;
				PRODUCT_NAME = "$(TARGET_NAME)";
				SWIFT_VERSION = 5.0;
				TARGETED_DEVICE_FAMILY = "1,2";
			};
			name = Release;
		};
		847F187E22FCC5A6000F7F60 /* Debug */ = {
			isa = XCBuildConfiguration;
			baseConfigurationReference = 41439751940C879686689058 /* Pods-SlashRSlashSwiftTests.debug.xcconfig */;
			buildSettings = {
				ALWAYS_EMBED_SWIFT_STANDARD_LIBRARIES = YES;
				BUNDLE_LOADER = "$(TEST_HOST)";
				CODE_SIGN_STYLE = Automatic;
				DEVELOPMENT_TEAM = M9V7H28M39;
				INFOPLIST_FILE = SlashRSlashSwiftTests/Info.plist;
				LD_RUNPATH_SEARCH_PATHS = (
					"$(inherited)",
					"@executable_path/Frameworks",
					"@loader_path/Frameworks",
				);
				PRODUCT_BUNDLE_IDENTIFIER = com.spenceralderson.SlashRSlashSwiftTests;
				PRODUCT_NAME = "$(TARGET_NAME)";
				SWIFT_VERSION = 5.0;
				TARGETED_DEVICE_FAMILY = "1,2";
				TEST_HOST = "$(BUILT_PRODUCTS_DIR)/SlashRSlashSwift.app/SlashRSlashSwift";
			};
			name = Debug;
		};
		847F187F22FCC5A6000F7F60 /* Release */ = {
			isa = XCBuildConfiguration;
			baseConfigurationReference = D31308E85B6647E01A9A5B39 /* Pods-SlashRSlashSwiftTests.release.xcconfig */;
			buildSettings = {
				ALWAYS_EMBED_SWIFT_STANDARD_LIBRARIES = YES;
				BUNDLE_LOADER = "$(TEST_HOST)";
				CODE_SIGN_STYLE = Automatic;
				DEVELOPMENT_TEAM = M9V7H28M39;
				INFOPLIST_FILE = SlashRSlashSwiftTests/Info.plist;
				LD_RUNPATH_SEARCH_PATHS = (
					"$(inherited)",
					"@executable_path/Frameworks",
					"@loader_path/Frameworks",
				);
				PRODUCT_BUNDLE_IDENTIFIER = com.spenceralderson.SlashRSlashSwiftTests;
				PRODUCT_NAME = "$(TARGET_NAME)";
				SWIFT_VERSION = 5.0;
				TARGETED_DEVICE_FAMILY = "1,2";
				TEST_HOST = "$(BUILT_PRODUCTS_DIR)/SlashRSlashSwift.app/SlashRSlashSwift";
			};
			name = Release;
		};
		847F188122FCC5A6000F7F60 /* Debug */ = {
			isa = XCBuildConfiguration;
			baseConfigurationReference = EDFA83392CBE2E2860FA2379 /* Pods-SlashRSlashSwiftUITests.debug.xcconfig */;
			buildSettings = {
				ALWAYS_EMBED_SWIFT_STANDARD_LIBRARIES = YES;
				CODE_SIGN_STYLE = Automatic;
				DEVELOPMENT_TEAM = M9V7H28M39;
				INFOPLIST_FILE = SlashRSlashSwiftUITests/Info.plist;
				LD_RUNPATH_SEARCH_PATHS = (
					"$(inherited)",
					"@executable_path/Frameworks",
					"@loader_path/Frameworks",
				);
				PRODUCT_BUNDLE_IDENTIFIER = com.spenceralderson.SlashRSlashSwiftUITests;
				PRODUCT_NAME = "$(TARGET_NAME)";
				SWIFT_VERSION = 5.0;
				TARGETED_DEVICE_FAMILY = "1,2";
				TEST_TARGET_NAME = SlashRSlashSwift;
			};
			name = Debug;
		};
		847F188222FCC5A6000F7F60 /* Release */ = {
			isa = XCBuildConfiguration;
			baseConfigurationReference = 6D343B70CE72C9778AB7D1E0 /* Pods-SlashRSlashSwiftUITests.release.xcconfig */;
			buildSettings = {
				ALWAYS_EMBED_SWIFT_STANDARD_LIBRARIES = YES;
				CODE_SIGN_STYLE = Automatic;
				DEVELOPMENT_TEAM = M9V7H28M39;
				INFOPLIST_FILE = SlashRSlashSwiftUITests/Info.plist;
				LD_RUNPATH_SEARCH_PATHS = (
					"$(inherited)",
					"@executable_path/Frameworks",
					"@loader_path/Frameworks",
				);
				PRODUCT_BUNDLE_IDENTIFIER = com.spenceralderson.SlashRSlashSwiftUITests;
				PRODUCT_NAME = "$(TARGET_NAME)";
				SWIFT_VERSION = 5.0;
				TARGETED_DEVICE_FAMILY = "1,2";
				TEST_TARGET_NAME = SlashRSlashSwift;
			};
			name = Release;
		};
/* End XCBuildConfiguration section */

/* Begin XCConfigurationList section */
		847F184D22FCC5A5000F7F60 /* Build configuration list for PBXProject "SlashRSlashSwift" */ = {
			isa = XCConfigurationList;
			buildConfigurations = (
				847F187822FCC5A6000F7F60 /* Debug */,
				847F187922FCC5A6000F7F60 /* Release */,
			);
			defaultConfigurationIsVisible = 0;
			defaultConfigurationName = Release;
		};
		847F187A22FCC5A6000F7F60 /* Build configuration list for PBXNativeTarget "SlashRSlashSwift" */ = {
			isa = XCConfigurationList;
			buildConfigurations = (
				847F187B22FCC5A6000F7F60 /* Debug */,
				847F187C22FCC5A6000F7F60 /* Release */,
			);
			defaultConfigurationIsVisible = 0;
			defaultConfigurationName = Release;
		};
		847F187D22FCC5A6000F7F60 /* Build configuration list for PBXNativeTarget "SlashRSlashSwiftTests" */ = {
			isa = XCConfigurationList;
			buildConfigurations = (
				847F187E22FCC5A6000F7F60 /* Debug */,
				847F187F22FCC5A6000F7F60 /* Release */,
			);
			defaultConfigurationIsVisible = 0;
			defaultConfigurationName = Release;
		};
		847F188022FCC5A6000F7F60 /* Build configuration list for PBXNativeTarget "SlashRSlashSwiftUITests" */ = {
			isa = XCConfigurationList;
			buildConfigurations = (
				847F188122FCC5A6000F7F60 /* Debug */,
				847F188222FCC5A6000F7F60 /* Release */,
			);
			defaultConfigurationIsVisible = 0;
			defaultConfigurationName = Release;
		};
/* End XCConfigurationList section */
	};
	rootObject = 847F184A22FCC5A5000F7F60 /* Project object */;
}
